
Microsoft Visual Studio Solution File, Format Version 12.00
# Visual Studio Version 17
VisualStudioVersion = 17.5.33414.496
MinimumVisualStudioVersion = 10.0.40219.1
Project("{FAE04EC0-301F-11D3-BF4B-00C04F79EFBC}") = "WorkOrderProject", "WorkOrderProject\WorkOrderProject.csproj", "{39BBE2F9-474A-40C1-B1C1-8F41F27E4FA2}"
EndProject
Global
	GlobalSection(SolutionConfigurationPlatforms) = preSolution
		Debug|Any CPU = Debug|Any CPU
		Release|Any CPU = Release|Any CPU
	EndGlobalSection
	GlobalSection(ProjectConfigurationPlatforms) = postSolution
		{39BBE2F9-474A-40C1-B1C1-8F41F27E4FA2}.Debug|Any CPU.ActiveCfg = Debug|Any CPU
		{39BBE2F9-474A-40C1-B1C1-8F41F27E4FA2}.Debug|Any CPU.Build.0 = Debug|Any CPU
		{39BBE2F9-474A-40C1-B1C1-8F41F27E4FA2}.Release|Any CPU.ActiveCfg = Release|Any CPU
		{39BBE2F9-474A-40C1-B1C1-8F41F27E4FA2}.Release|Any CPU.Build.0 = Release|Any CPU
	EndGlobalSection
	GlobalSection(SolutionProperties) = preSolution
		HideSolutionNode = FALSE
	EndGlobalSection
	GlobalSection(ExtensibilityGlobals) = postSolution
		SolutionGuid = {58031299-32B1-4BAE-89B1-D75B54F47AC2}
	EndGlobalSection
EndGlobal
